{
  "requires": true,
  "lockfileVersion": 1,
  "dependencies": {
    "cookie": {
      "version": "0.3.1",
      "resolved": "https://registry.npmjs.org/cookie/-/cookie-0.3.1.tgz",
      "integrity": "sha1-5+Ch+e9DtMi6klxcWpboBtFoc7s="
    },
    "local-storage-fallback": {
      "version": "4.1.2",
      "resolved": "https://registry.npmjs.org/local-storage-fallback/-/local-storage-fallback-4.1.2.tgz",
      "integrity": "sha512-oMTj4q8vnZ5FUB/tclzrTgMppSJgGs3ng4fm7qXEK/NjdzNKkVVncMRlsML+l6FwV0WBoOk8rVD5GqNQIhcz8Q==",
      "requires": {
        "cookie": "^0.3.1"
      }
    }
  }
}
